
Microsoft Visual Studio Solution File, Format Version 10.00
# Visual Studio 2008
Project("{FAE04EC0-301F-11D3-BF4B-00C04F79EFBC}") = "AroLibraries.ExtensionMethods", "AroLibraries.ExtensionMethods\AroLibraries.ExtensionMethods.csproj", "{FF6F3AA4-DA70-436A-AB8B-060215146BB2}"
EndProject
Project("{FAE04EC0-301F-11D3-BF4B-00C04F79EFBC}") = "Sample1", "Sample1\Sample1.csproj", "{D80CF1BF-6D76-4FD7-8705-8772058671E2}"
EndProject
Project("{FAE04EC0-301F-11D3-BF4B-00C04F79EFBC}") = "AroLibraries.Tests", "AroLibraries.Tests\AroLibraries.Tests.csproj", "{608D4F93-883D-4C63-BEDD-54AB9DEF0D78}"
EndProject
Project("{2150E333-8FDC-42A3-9474-1A3956D46DE8}") = "Solution Items", "Solution Items", "{C0888E8D-4495-4416-A683-F8B37D461182}"
	ProjectSection(SolutionItems) = preProject
		AroLibraries.vsmdi = AroLibraries.vsmdi
		LocalTestRun.testrunconfig = LocalTestRun.testrunconfig
	EndProjectSection
EndProject
Project("{FAE04EC0-301F-11D3-BF4B-00C04F79EFBC}") = "AroLibraries.ExtensionMethods.Automapper", "AroLibraries.ExtensionMethods.Automapper\AroLibraries.ExtensionMethods.Automapper.csproj", "{EDB3EF31-27A6-4D40-B918-5C9C37C21492}"
EndProject
Project("{FAE04EC0-301F-11D3-BF4B-00C04F79EFBC}") = "AroLibraries.ExtensionMethods.Log4net", "AroLibraries.ExtensionMethods.Log4net\AroLibraries.ExtensionMethods.Log4net.csproj", "{076D0C4A-1863-429B-939C-4675A4B09DCD}"
EndProject
Global
	GlobalSection(TestCaseManagementSettings) = postSolution
		CategoryFile = AroLibraries.vsmdi
	EndGlobalSection
	GlobalSection(SolutionConfigurationPlatforms) = preSolution
		Debug|Any CPU = Debug|Any CPU
		Release|Any CPU = Release|Any CPU
	EndGlobalSection
	GlobalSection(ProjectConfigurationPlatforms) = postSolution
		{FF6F3AA4-DA70-436A-AB8B-060215146BB2}.Debug|Any CPU.ActiveCfg = Debug|Any CPU
		{FF6F3AA4-DA70-436A-AB8B-060215146BB2}.Debug|Any CPU.Build.0 = Debug|Any CPU
		{FF6F3AA4-DA70-436A-AB8B-060215146BB2}.Release|Any CPU.ActiveCfg = Release|Any CPU
		{FF6F3AA4-DA70-436A-AB8B-060215146BB2}.Release|Any CPU.Build.0 = Release|Any CPU
		{D80CF1BF-6D76-4FD7-8705-8772058671E2}.Debug|Any CPU.ActiveCfg = Debug|Any CPU
		{D80CF1BF-6D76-4FD7-8705-8772058671E2}.Debug|Any CPU.Build.0 = Debug|Any CPU
		{D80CF1BF-6D76-4FD7-8705-8772058671E2}.Release|Any CPU.ActiveCfg = Release|Any CPU
		{D80CF1BF-6D76-4FD7-8705-8772058671E2}.Release|Any CPU.Build.0 = Release|Any CPU
		{608D4F93-883D-4C63-BEDD-54AB9DEF0D78}.Debug|Any CPU.ActiveCfg = Debug|Any CPU
		{608D4F93-883D-4C63-BEDD-54AB9DEF0D78}.Debug|Any CPU.Build.0 = Debug|Any CPU
		{608D4F93-883D-4C63-BEDD-54AB9DEF0D78}.Release|Any CPU.ActiveCfg = Release|Any CPU
		{608D4F93-883D-4C63-BEDD-54AB9DEF0D78}.Release|Any CPU.Build.0 = Release|Any CPU
		{EDB3EF31-27A6-4D40-B918-5C9C37C21492}.Debug|Any CPU.ActiveCfg = Debug|Any CPU
		{EDB3EF31-27A6-4D40-B918-5C9C37C21492}.Debug|Any CPU.Build.0 = Debug|Any CPU
		{EDB3EF31-27A6-4D40-B918-5C9C37C21492}.Release|Any CPU.ActiveCfg = Release|Any CPU
		{EDB3EF31-27A6-4D40-B918-5C9C37C21492}.Release|Any CPU.Build.0 = Release|Any CPU
		{076D0C4A-1863-429B-939C-4675A4B09DCD}.Debug|Any CPU.ActiveCfg = Debug|Any CPU
		{076D0C4A-1863-429B-939C-4675A4B09DCD}.Debug|Any CPU.Build.0 = Debug|Any CPU
		{076D0C4A-1863-429B-939C-4675A4B09DCD}.Release|Any CPU.ActiveCfg = Release|Any CPU
		{076D0C4A-1863-429B-939C-4675A4B09DCD}.Release|Any CPU.Build.0 = Release|Any CPU
	EndGlobalSection
	GlobalSection(SolutionProperties) = preSolution
		HideSolutionNode = FALSE
	EndGlobalSection
EndGlobal
